github.com/StackExchange/wmi v0.0.0-20190523213315-cbe66965904d h1:G0m3OIz70MZUWq3EgK3CesDbo8upS2Vm9/P3FtgI+Jk=
github.com/StackExchange/wmi v0.0.0-20190523213315-cbe66965904d/go.mod h1:3eOhrUMpNV+6aFIbp5/iudMxNCF27Vw2OZgy4xEx0Fg=
github.com/go-ole/go-ole v1.2.4 h1:nNBDSCOigTSiarFpYE9J/KtEA1IOW4CNeqT9TQDqCxI=
github.com/go-ole/go-ole v1.2.4/go.mod h1:XCwSNxSkXRo4vlyPy93sltvi/qJq0jqQhjqQNIwKuxM=
github.com/hako/durafmt v0.0.0-20191009132224-3f39dc1ed9f4 h1:60gBOooTSmNtrqNaRvrDbi8VAne0REaek2agjnITKSw=
github.com/hako/durafmt v0.0.0-20191009132224-3f39dc1ed9f4/go.mod h1:5Scbynm8dF1XAPwIwkGPqzkM/shndPm79Jd1003hTjE=
github.com/shirou/gopsutil v2.20.1+incompatible h1:oIq9Cq4i84Hk8uQAUOG3eNdI/29hBawGrD5YRl6JRDY=
github.com/shirou/gopsutil v2.20.1+incompatible/go.mod h1:5b4v6he4MtMOwMlS0TUMTu2PcXUg8+E1lC7eC3UO/RA=
golang.org/x/sys v0.0.0-20200219091948-cb0a6d8edb6c h1:jceGD5YNJGgGMkJz79agzOln1K9TaZUjv5ird16qniQ=
golang.org/x/sys v0.0.0-20200219091948-cb0a6d8edb6c/go.mod h1:h1NjWce9XRLGQEsW7wpKNCjG9DtNlClVuFLEZdDNbEs=
